
Microsoft Visual Studio Solution File, Format Version 12.00
# Visual Studio 15
VisualStudioVersion = 15.0.28307.102
MinimumVisualStudioVersion = 10.0.40219.1
Project("{9A19103F-16F7-4668-BE54-9A1E7A4F7556}") = "ZENSURE.Logsystem", "ZENSURE.Logsystem\ZENSURE.Logsystem.csproj", "{7C89022A-9349-4B4C-94A0-9BC3C01ADC0A}"
EndProject
Project("{9A19103F-16F7-4668-BE54-9A1E7A4F7556}") = "ZENSURE.Logsystem.Test", "ZENSURE.Logsystem.Test\ZENSURE.Logsystem.Test.csproj", "{D72EF2CB-BA69-4DB3-9B0D-79A28C1C4FC4}"
EndProject
Project("{FAE04EC0-301F-11D3-BF4B-00C04F79EFBC}") = "ZENSURE.Logsystem.TestModel", "ZENSURE.Logsystem.TestModel\ZENSURE.Logsystem.TestModel.csproj", "{B76F5BE0-B6F9-4C6F-951C-5FB5530E692B}"
EndProject
Project("{FAE04EC0-301F-11D3-BF4B-00C04F79EFBC}") = "ZENSURE.Logsystem.TestHelper", "ZENSURE.Logsystem.TestHelper\ZENSURE.Logsystem.TestHelper.csproj", "{0C792E6C-CF9D-4818-BBDE-71149AFC0BEF}"
EndProject
Project("{FAE04EC0-301F-11D3-BF4B-00C04F79EFBC}") = "ZENSURE.Logsystem.Framework.Test", "ZENSURE.Logsystem.Framework.Test\ZENSURE.Logsystem.Framework.Test.csproj", "{73D2D661-5874-4E2A-A898-41F078396E6F}"
EndProject
Global
	GlobalSection(SolutionConfigurationPlatforms) = preSolution
		Debug|Any CPU = Debug|Any CPU
		Release|Any CPU = Release|Any CPU
	EndGlobalSection
	GlobalSection(ProjectConfigurationPlatforms) = postSolution
		{7C89022A-9349-4B4C-94A0-9BC3C01ADC0A}.Debug|Any CPU.ActiveCfg = Debug|Any CPU
		{7C89022A-9349-4B4C-94A0-9BC3C01ADC0A}.Debug|Any CPU.Build.0 = Debug|Any CPU
		{7C89022A-9349-4B4C-94A0-9BC3C01ADC0A}.Release|Any CPU.ActiveCfg = Release|Any CPU
		{7C89022A-9349-4B4C-94A0-9BC3C01ADC0A}.Release|Any CPU.Build.0 = Release|Any CPU
		{D72EF2CB-BA69-4DB3-9B0D-79A28C1C4FC4}.Debug|Any CPU.ActiveCfg = Debug|Any CPU
		{D72EF2CB-BA69-4DB3-9B0D-79A28C1C4FC4}.Debug|Any CPU.Build.0 = Debug|Any CPU
		{D72EF2CB-BA69-4DB3-9B0D-79A28C1C4FC4}.Release|Any CPU.ActiveCfg = Release|Any CPU
		{D72EF2CB-BA69-4DB3-9B0D-79A28C1C4FC4}.Release|Any CPU.Build.0 = Release|Any CPU
		{B76F5BE0-B6F9-4C6F-951C-5FB5530E692B}.Debug|Any CPU.ActiveCfg = Debug|Any CPU
		{B76F5BE0-B6F9-4C6F-951C-5FB5530E692B}.Debug|Any CPU.Build.0 = Debug|Any CPU
		{B76F5BE0-B6F9-4C6F-951C-5FB5530E692B}.Release|Any CPU.ActiveCfg = Release|Any CPU
		{B76F5BE0-B6F9-4C6F-951C-5FB5530E692B}.Release|Any CPU.Build.0 = Release|Any CPU
		{0C792E6C-CF9D-4818-BBDE-71149AFC0BEF}.Debug|Any CPU.ActiveCfg = Debug|Any CPU
		{0C792E6C-CF9D-4818-BBDE-71149AFC0BEF}.Debug|Any CPU.Build.0 = Debug|Any CPU
		{0C792E6C-CF9D-4818-BBDE-71149AFC0BEF}.Release|Any CPU.ActiveCfg = Release|Any CPU
		{0C792E6C-CF9D-4818-BBDE-71149AFC0BEF}.Release|Any CPU.Build.0 = Release|Any CPU
		{73D2D661-5874-4E2A-A898-41F078396E6F}.Debug|Any CPU.ActiveCfg = Debug|Any CPU
		{73D2D661-5874-4E2A-A898-41F078396E6F}.Debug|Any CPU.Build.0 = Debug|Any CPU
		{73D2D661-5874-4E2A-A898-41F078396E6F}.Release|Any CPU.ActiveCfg = Release|Any CPU
		{73D2D661-5874-4E2A-A898-41F078396E6F}.Release|Any CPU.Build.0 = Release|Any CPU
	EndGlobalSection
	GlobalSection(SolutionProperties) = preSolution
		HideSolutionNode = FALSE
	EndGlobalSection
	GlobalSection(ExtensibilityGlobals) = postSolution
		SolutionGuid = {2F08926B-E913-4B4E-85BF-01C00FD439A4}
	EndGlobalSection
EndGlobal
